
Microsoft Visual Studio Solution File, Format Version 12.00
# Visual Studio Version 16
VisualStudioVersion = 16.0.31515.178
MinimumVisualStudioVersion = 10.0.40219.1
Project("{FAE04EC0-301F-11D3-BF4B-00C04F79EFBC}") = "BrandStore", "BrandStore\BrandStore.csproj", "{2B75D083-8680-4CE7-B015-3BEABE849758}"
EndProject
Global
	GlobalSection(SolutionConfigurationPlatforms) = preSolution
		Debug|Any CPU = Debug|Any CPU
		Release|Any CPU = Release|Any CPU
	EndGlobalSection
	GlobalSection(ProjectConfigurationPlatforms) = postSolution
		{2B75D083-8680-4CE7-B015-3BEABE849758}.Debug|Any CPU.ActiveCfg = Debug|Any CPU
		{2B75D083-8680-4CE7-B015-3BEABE849758}.Debug|Any CPU.Build.0 = Debug|Any CPU
		{2B75D083-8680-4CE7-B015-3BEABE849758}.Release|Any CPU.ActiveCfg = Release|Any CPU
		{2B75D083-8680-4CE7-B015-3BEABE849758}.Release|Any CPU.Build.0 = Release|Any CPU
	EndGlobalSection
	GlobalSection(SolutionProperties) = preSolution
		HideSolutionNode = FALSE
	EndGlobalSection
	GlobalSection(ExtensibilityGlobals) = postSolution
		SolutionGuid = {76A01BB8-9793-4F5A-A274-65499C2DADA0}
	EndGlobalSection
EndGlobal
